
Microsoft Visual Studio Solution File, Format Version 12.00
# Visual Studio Version 16
VisualStudioVersion = 16.0.31702.278
MinimumVisualStudioVersion = 10.0.40219.1
Project("{9A19103F-16F7-4668-BE54-9A1E7A4F7556}") = "Rgr_v2", "Rgr_v2\Rgr_v2.csproj", "{F84B4658-D2D2-4E77-BE64-5B86327C12D7}"
EndProject
Project("{9A19103F-16F7-4668-BE54-9A1E7A4F7556}") = "RGR_3_5", "..\RGR_3_5\RGR_3_5\RGR_3_5.csproj", "{0980D64B-95FF-479E-95DC-A474019B98FD}"
EndProject
Global
	GlobalSection(SolutionConfigurationPlatforms) = preSolution
		Debug|Any CPU = Debug|Any CPU
		Release|Any CPU = Release|Any CPU
	EndGlobalSection
	GlobalSection(ProjectConfigurationPlatforms) = postSolution
		{F84B4658-D2D2-4E77-BE64-5B86327C12D7}.Debug|Any CPU.ActiveCfg = Debug|Any CPU
		{F84B4658-D2D2-4E77-BE64-5B86327C12D7}.Debug|Any CPU.Build.0 = Debug|Any CPU
		{F84B4658-D2D2-4E77-BE64-5B86327C12D7}.Release|Any CPU.ActiveCfg = Release|Any CPU
		{F84B4658-D2D2-4E77-BE64-5B86327C12D7}.Release|Any CPU.Build.0 = Release|Any CPU
		{0980D64B-95FF-479E-95DC-A474019B98FD}.Debug|Any CPU.ActiveCfg = Debug|Any CPU
		{0980D64B-95FF-479E-95DC-A474019B98FD}.Debug|Any CPU.Build.0 = Debug|Any CPU
		{0980D64B-95FF-479E-95DC-A474019B98FD}.Release|Any CPU.ActiveCfg = Release|Any CPU
		{0980D64B-95FF-479E-95DC-A474019B98FD}.Release|Any CPU.Build.0 = Release|Any CPU
	EndGlobalSection
	GlobalSection(SolutionProperties) = preSolution
		HideSolutionNode = FALSE
	EndGlobalSection
	GlobalSection(ExtensibilityGlobals) = postSolution
		SolutionGuid = {2C1515E1-7A31-4D49-A8A1-E88BD9AAAEAE}
	EndGlobalSection
EndGlobal
